
Microsoft Visual Studio Solution File, Format Version 12.00
# Visual Studio Version 16
VisualStudioVersion = 16.0.31702.278
MinimumVisualStudioVersion = 10.0.40219.1
Project("{8BC9CEB8-8B4A-11D0-8D11-00A0C91BC942}") = "pds-screen-recorder", "src\pds-screen-recorder.vcxproj", "{34F935B2-FA55-4E10-BD1E-291C14D0A72E}"
EndProject
Global
	GlobalSection(SolutionConfigurationPlatforms) = preSolution
		Debug|x64 = Debug|x64
		Debug|x86 = Debug|x86
		Release|x64 = Release|x64
		Release|x86 = Release|x86
	EndGlobalSection
	GlobalSection(ProjectConfigurationPlatforms) = postSolution
		{34F935B2-FA55-4E10-BD1E-291C14D0A72E}.Debug|x64.ActiveCfg = Debug|x64
		{34F935B2-FA55-4E10-BD1E-291C14D0A72E}.Debug|x64.Build.0 = Debug|x64
		{34F935B2-FA55-4E10-BD1E-291C14D0A72E}.Debug|x86.ActiveCfg = Debug|Win32
		{34F935B2-FA55-4E10-BD1E-291C14D0A72E}.Debug|x86.Build.0 = Debug|Win32
		{34F935B2-FA55-4E10-BD1E-291C14D0A72E}.Release|x64.ActiveCfg = Release|x64
		{34F935B2-FA55-4E10-BD1E-291C14D0A72E}.Release|x64.Build.0 = Release|x64
		{34F935B2-FA55-4E10-BD1E-291C14D0A72E}.Release|x86.ActiveCfg = Release|Win32
		{34F935B2-FA55-4E10-BD1E-291C14D0A72E}.Release|x86.Build.0 = Release|Win32
	EndGlobalSection
	GlobalSection(SolutionProperties) = preSolution
		HideSolutionNode = FALSE
	EndGlobalSection
	GlobalSection(ExtensibilityGlobals) = postSolution
		SolutionGuid = {9FEBA7D5-5A41-4449-94F9-1E23977198B2}
	EndGlobalSection
EndGlobal
